// !$*UTF8*$!
{
	archiveVersion = 1;
	classes = {
	};
	objectVersion = 56;
	objects = {

/* Begin PBXBuildFile section */
		CA4A7A232ACC5CB400D84723 /* Weekly_Payroll_HackwichApp.swift in Sources */ = {isa = PBXBuildFile; fileRef = CA4A7A222ACC5CB400D84723 /* Weekly_Payroll_HackwichApp.swift */; };
		CA4A7A252ACC5CB400D84723 /* ContentView.swift in Sources */ = {isa = PBXBuildFile; fileRef = CA4A7A242ACC5CB400D84723 /* ContentView.swift */; };
		CA4A7A272ACC5CB500D84723 /* Assets.xcassets in Resources */ = {isa = PBXBuildFile; fileRef = CA4A7A262ACC5CB500D84723 /* Assets.xcassets */; };
		CA4A7A2A2ACC5CB500D84723 /* Preview Assets.xcassets in Resources */ = {isa = PBXBuildFile; fileRef = CA4A7A292ACC5CB500D84723 /* Preview Assets.xcassets */; };
		CA4A7A342ACC5CB500D84723 /* Weekly_Payroll_HackwichTests.swift in Sources */ = {isa = PBXBuildFile; fileRef = CA4A7A332ACC5CB500D84723 /* Weekly_Payroll_HackwichTests.swift */; };
		CA4A7A3E2ACC5CB500D84723 /* Weekly_Payroll_HackwichUITests.swift in Sources */ = {isa = PBXBuildFile; fileRef = CA4A7A3D2ACC5CB500D84723 /* Weekly_Payroll_HackwichUITests.swift */; };
		CA4A7A402ACC5CB500D84723 /* Weekly_Payroll_HackwichUITestsLaunchTests.swift in Sources */ = {isa = PBXBuildFile; fileRef = CA4A7A3F2ACC5CB500D84723 /* Weekly_Payroll_HackwichUITestsLaunchTests.swift */; };
/* End PBXBuildFile section */

/* Begin PBXContainerItemProxy section */
		CA4A7A302ACC5CB500D84723 /* PBXContainerItemProxy */ = {
			isa = PBXContainerItemProxy;
			containerPortal = CA4A7A172ACC5CB400D84723 /* Project object */;
			proxyType = 1;
			remoteGlobalIDString = CA4A7A1E2ACC5CB400D84723;
			remoteInfo = "Weekly Payroll Hackwich";
		};
		CA4A7A3A2ACC5CB500D84723 /* PBXContainerItemProxy */ = {
			isa = PBXContainerItemProxy;
			containerPortal = CA4A7A172ACC5CB400D84723 /* Project object */;
			proxyType = 1;
			remoteGlobalIDString = CA4A7A1E2ACC5CB400D84723;
			remoteInfo = "Weekly Payroll Hackwich";
		};
/* End PBXContainerItemProxy section */

/* Begin PBXFileReference section */
		CA4A7A1F2ACC5CB400D84723 /* Weekly Payroll Hackwich.app */ = {isa = PBXFileReference; explicitFileType = wrapper.application; includeInIndex = 0; path = "Weekly Payroll Hackwich.app"; sourceTree = BUILT_PRODUCTS_DIR; };
		CA4A7A222ACC5CB400D84723 /* Weekly_Payroll_HackwichApp.swift */ = {isa = PBXFileReference; lastKnownFileType = sourcecode.swift; path = Weekly_Payroll_HackwichApp.swift; sourceTree = "<group>"; };
		CA4A7A242ACC5CB400D84723 /* ContentView.swift */ = {isa = PBXFileReference; lastKnownFileType = sourcecode.swift; path = ContentView.swift; sourceTree = "<group>"; };
		CA4A7A262ACC5CB500D84723 /* Assets.xcassets */ = {isa = PBXFileReference; lastKnownFileType = folder.assetcatalog; path = Assets.xcassets; sourceTree = "<group>"; };
		CA4A7A292ACC5CB500D84723 /* Preview Assets.xcassets */ = {isa = PBXFileReference; lastKnownFileType = folder.assetcatalog; path = "Preview Assets.xcassets"; sourceTree = "<group>"; };
		CA4A7A2F2ACC5CB500D84723 /* Weekly Payroll HackwichTests.xctest */ = {isa = PBXFileReference; explicitFileType = wrapper.cfbundle; includeInIndex = 0; path = "Weekly Payroll HackwichTests.xctest"; sourceTree = BUILT_PRODUCTS_DIR; };
		CA4A7A332ACC5CB500D84723 /* Weekly_Payroll_HackwichTests.swift */ = {isa = PBXFileReference; lastKnownFileType = sourcecode.swift; path = Weekly_Payroll_HackwichTests.swift; sourceTree = "<group>"; };
		CA4A7A392ACC5CB500D84723 /* Weekly Payroll HackwichUITests.xctest */ = {isa = PBXFileReference; explicitFileType = wrapper.cfbundle; includeInIndex = 0; path = "Weekly Payroll HackwichUITests.xctest"; sourceTree = BUILT_PRODUCTS_DIR; };
		CA4A7A3D2ACC5CB500D84723 /* Weekly_Payroll_HackwichUITests.swift */ = {isa = PBXFileReference; lastKnownFileType = sourcecode.swift; path = Weekly_Payroll_HackwichUITests.swift; sourceTree = "<group>"; };
		CA4A7A3F2ACC5CB500D84723 /* Weekly_Payroll_HackwichUITestsLaunchTests.swift */ = {isa = PBXFileReference; lastKnownFileType = sourcecode.swift; path = Weekly_Payroll_HackwichUITestsLaunchTests.swift; sourceTree = "<group>"; };
/* End PBXFileReference section */

/* Begin PBXFrameworksBuildPhase section */
		CA4A7A1C2ACC5CB400D84723 /* Frameworks */ = {
			isa = PBXFrameworksBuildPhase;
			buildActionMask = 2147483647;
			files = (
			);
			runOnlyForDeploymentPostprocessing = 0;
		};
		CA4A7A2C2ACC5CB500D84723 /* Frameworks */ = {
			isa = PBXFrameworksBuildPhase;
			buildActionMask = 2147483647;
			files = (
			);
			runOnlyForDeploymentPostprocessing = 0;
		};
		CA4A7A362ACC5CB500D84723 /* Frameworks */ = {
			isa = PBXFrameworksBuildPhase;
			buildActionMask = 2147483647;
			files = (
			);
			runOnlyForDeploymentPostprocessing = 0;
		};
/* End PBXFrameworksBuildPhase section */

/* Begin PBXGroup section */
		CA4A7A162ACC5CB400D84723 = {
			isa = PBXGroup;
			children = (
				CA4A7A212ACC5CB400D84723 /* Weekly Payroll Hackwich */,
				CA4A7A322ACC5CB500D84723 /* Weekly Payroll HackwichTests */,
				CA4A7A3C2ACC5CB500D84723 /* Weekly Payroll HackwichUITests */,
				CA4A7A202ACC5CB400D84723 /* Products */,
			);
			sourceTree = "<group>";
		};
		CA4A7A202ACC5CB400D84723 /* Products */ = {
			isa = PBXGroup;
			children = (
				CA4A7A1F2ACC5CB400D84723 /* Weekly Payroll Hackwich.app */,
				CA4A7A2F2ACC5CB500D84723 /* Weekly Payroll HackwichTests.xctest */,
				CA4A7A392ACC5CB500D84723 /* Weekly Payroll HackwichUITests.xctest */,
			);
			name = Products;
			sourceTree = "<group>";
		};
		CA4A7A212ACC5CB400D84723 /* Weekly Payroll Hackwich */ = {
			isa = PBXGroup;
			children = (
				CA4A7A222ACC5CB400D84723 /* Weekly_Payroll_HackwichApp.swift */,
				CA4A7A242ACC5CB400D84723 /* ContentView.swift */,
				CA4A7A262ACC5CB500D84723 /* Assets.xcassets */,
				CA4A7A282ACC5CB500D84723 /* Preview Content */,
			);
			path = "Weekly Payroll Hackwich";
			sourceTree = "<group>";
		};
		CA4A7A282ACC5CB500D84723 /* Preview Content */ = {
			isa = PBXGroup;
			children = (
				CA4A7A292ACC5CB500D84723 /* Preview Assets.xcassets */,
			);
			path = "Preview Content";
			sourceTree = "<group>";
		};
		CA4A7A322ACC5CB500D84723 /* Weekly Payroll HackwichTests */ = {
			isa = PBXGroup;
			children = (
				CA4A7A332ACC5CB500D84723 /* Weekly_Payroll_HackwichTests.swift */,
			);
			path = "Weekly Payroll HackwichTests";
			sourceTree = "<group>";
		};
		CA4A7A3C2ACC5CB500D84723 /* Weekly Payroll HackwichUITests */ = {
			isa = PBXGroup;
			children = (
				CA4A7A3D2ACC5CB500D84723 /* Weekly_Payroll_HackwichUITests.swift */,
				CA4A7A3F2ACC5CB500D84723 /* Weekly_Payroll_HackwichUITestsLaunchTests.swift */,
			);
			path = "Weekly Payroll HackwichUITests";
			sourceTree = "<group>";
		};
/* End PBXGroup section */

/* Begin PBXNativeTarget section */
		CA4A7A1E2ACC5CB400D84723 /* Weekly Payroll Hackwich */ = {
			isa = PBXNativeTarget;
			buildConfigurationList = CA4A7A432ACC5CB500D84723 /* Build configuration list for PBXNativeTarget "Weekly Payroll Hackwich" */;
			buildPhases = (
				CA4A7A1B2ACC5CB400D84723 /* Sources */,
				CA4A7A1C2ACC5CB400D84723 /* Frameworks */,
				CA4A7A1D2ACC5CB400D84723 /* Resources */,
			);
			buildRules = (
			);
			dependencies = (
			);
			name = "Weekly Payroll Hackwich";
			productName = "Weekly Payroll Hackwich";
			productReference = CA4A7A1F2ACC5CB400D84723 /* Weekly Payroll Hackwich.app */;
			productType = "com.apple.product-type.application";
		};
		CA4A7A2E2ACC5CB500D84723 /* Weekly Payroll HackwichTests */ = {
			isa = PBXNativeTarget;
			buildConfigurationList = CA4A7A462ACC5CB500D84723 /* Build configuration list for PBXNativeTarget "Weekly Payroll HackwichTests" */;
			buildPhases = (
				CA4A7A2B2ACC5CB500D84723 /* Sources */,
				CA4A7A2C2ACC5CB500D84723 /* Frameworks */,
				CA4A7A2D2ACC5CB500D84723 /* Resources */,
			);
			buildRules = (
			);
			dependencies = (
				CA4A7A312ACC5CB500D84723 /* PBXTargetDependency */,
			);
			name = "Weekly Payroll HackwichTests";
			productName = "Weekly Payroll HackwichTests";
			productReference = CA4A7A2F2ACC5CB500D84723 /* Weekly Payroll HackwichTests.xctest */;
			productType = "com.apple.product-type.bundle.unit-test";
		};
		CA4A7A382ACC5CB500D84723 /* Weekly Payroll HackwichUITests */ = {
			isa = PBXNativeTarget;
			buildConfigurationList = CA4A7A492ACC5CB500D84723 /* Build configuration list for PBXNativeTarget "Weekly Payroll HackwichUITests" */;
			buildPhases = (
				CA4A7A352ACC5CB500D84723 /* Sources */,
				CA4A7A362ACC5CB500D84723 /* Frameworks */,
				CA4A7A372ACC5CB500D84723 /* Resources */,
			);
			buildRules = (
			);
			dependencies = (
				CA4A7A3B2ACC5CB500D84723 /* PBXTargetDependency */,
			);
			name = "Weekly Payroll HackwichUITests";
			productName = "Weekly Payroll HackwichUITests";
			productReference = CA4A7A392ACC5CB500D84723 /* Weekly Payroll HackwichUITests.xctest */;
			productType = "com.apple.product-type.bundle.ui-testing";
		};
/* End PBXNativeTarget section */

/* Begin PBXProject section */
		CA4A7A172ACC5CB400D84723 /* Project object */ = {
			isa = PBXProject;
			attributes = {
				BuildIndependentTargetsInParallel = 1;
				LastSwiftUpdateCheck = 1430;
				LastUpgradeCheck = 1430;
				TargetAttributes = {
					CA4A7A1E2ACC5CB400D84723 = {
						CreatedOnToolsVersion = 14.3.1;
					};
					CA4A7A2E2ACC5CB500D84723 = {
						CreatedOnToolsVersion = 14.3.1;
						TestTargetID = CA4A7A1E2ACC5CB400D84723;
					};
					CA4A7A382ACC5CB500D84723 = {
						CreatedOnToolsVersion = 14.3.1;
						TestTargetID = CA4A7A1E2ACC5CB400D84723;
					};
				};
			};
			buildConfigurationList = CA4A7A1A2ACC5CB400D84723 /* Build configuration list for PBXProject "Weekly Payroll Hackwich" */;
			compatibilityVersion = "Xcode 14.0";
			developmentRegion = en;
			hasScannedForEncodings = 0;
			knownRegions = (
				en,
				Base,
			);
			mainGroup = CA4A7A162ACC5CB400D84723;
			productRefGroup = CA4A7A202ACC5CB400D84723 /* Products */;
			projectDirPath = "";
			projectRoot = "";
			targets = (
				CA4A7A1E2ACC5CB400D84723 /* Weekly Payroll Hackwich */,
				CA4A7A2E2ACC5CB500D84723 /* Weekly Payroll HackwichTests */,
				CA4A7A382ACC5CB500D84723 /* Weekly Payroll HackwichUITests */,
			);
		};
/* End PBXProject section */

/* Begin PBXResourcesBuildPhase section */
		CA4A7A1D2ACC5CB400D84723 /* Resources */ = {
			isa = PBXResourcesBuildPhase;
			buildActionMask = 2147483647;
			files = (
				CA4A7A2A2ACC5CB500D84723 /* Preview Assets.xcassets in Resources */,
				CA4A7A272ACC5CB500D84723 /* Assets.xcassets in Resources */,
			);
			runOnlyForDeploymentPostprocessing = 0;
		};
		CA4A7A2D2ACC5CB500D84723 /* Resources */ = {
			isa = PBXResourcesBuildPhase;
			buildActionMask = 2147483647;
			files = (
			);
			runOnlyForDeploymentPostprocessing = 0;
		};
		CA4A7A372ACC5CB500D84723 /* Resources */ = {
			isa = PBXResourcesBuildPhase;
			buildActionMask = 2147483647;
			files = (
			);
			runOnlyForDeploymentPostprocessing = 0;
		};
/* End PBXResourcesBuildPhase section */

/* Begin PBXSourcesBuildPhase section */
		CA4A7A1B2ACC5CB400D84723 /* Sources */ = {
			isa = PBXSourcesBuildPhase;
			buildActionMask = 2147483647;
			files = (
				CA4A7A252ACC5CB400D84723 /* ContentView.swift in Sources */,
				CA4A7A232ACC5CB400D84723 /* Weekly_Payroll_HackwichApp.swift in Sources */,
			);
			runOnlyForDeploymentPostprocessing = 0;
		};
		CA4A7A2B2ACC5CB500D84723 /* Sources */ = {
			isa = PBXSourcesBuildPhase;
			buildActionMask = 2147483647;
			files = (
				CA4A7A342ACC5CB500D84723 /* Weekly_Payroll_HackwichTests.swift in Sources */,
			);
			runOnlyForDeploymentPostprocessing = 0;
		};
		CA4A7A352ACC5CB500D84723 /* Sources */ = {
			isa = PBXSourcesBuildPhase;
			buildActionMask = 2147483647;
			files = (
				CA4A7A3E2ACC5CB500D84723 /* Weekly_Payroll_HackwichUITests.swift in Sources */,
				CA4A7A402ACC5CB500D84723 /* Weekly_Payroll_HackwichUITestsLaunchTests.swift in Sources */,
			);
			runOnlyForDeploymentPostprocessing = 0;
		};
/* End PBXSourcesBuildPhase section */

/* Begin PBXTargetDependency section */
		CA4A7A312ACC5CB500D84723 /* PBXTargetDependency */ = {
			isa = PBXTargetDependency;
			target = CA4A7A1E2ACC5CB400D84723 /* Weekly Payroll Hackwich */;
			targetProxy = CA4A7A302ACC5CB500D84723 /* PBXContainerItemProxy */;
		};
		CA4A7A3B2ACC5CB500D84723 /* PBXTargetDependency */ = {
			isa = PBXTargetDependency;
			target = CA4A7A1E2ACC5CB400D84723 /* Weekly Payroll Hackwich */;
			targetProxy = CA4A7A3A2ACC5CB500D84723 /* PBXContainerItemProxy */;
		};
/* End PBXTargetDependency section */

/* Begin XCBuildConfiguration section */
		CA4A7A412ACC5CB500D84723 /* Debug */ = {
			isa = XCBuildConfiguration;
			buildSettings = {
				ALWAYS_SEARCH_USER_PATHS = NO;
				CLANG_ANALYZER_NONNULL = YES;
				CLANG_ANALYZER_NUMBER_OBJECT_CONVERSION = YES_AGGRESSIVE;
				CLANG_CXX_LANGUAGE_STANDARD = "gnu++20";
				CLANG_ENABLE_MODULES = YES;
				CLANG_ENABLE_OBJC_ARC = YES;
				CLANG_ENABLE_OBJC_WEAK = YES;
				CLANG_WARN_BLOCK_CAPTURE_AUTORELEASING = YES;
				CLANG_WARN_BOOL_CONVERSION = YES;
				CLANG_WARN_COMMA = YES;
				CLANG_WARN_CONSTANT_CONVERSION = YES;
				CLANG_WARN_DEPRECATED_OBJC_IMPLEMENTATIONS = YES;
				CLANG_WARN_DIRECT_OBJC_ISA_USAGE = YES_ERROR;
				CLANG_WARN_DOCUMENTATION_COMMENTS = YES;
				CLANG_WARN_EMPTY_BODY = YES;
				CLANG_WARN_ENUM_CONVERSION = YES;
				CLANG_WARN_INFINITE_RECURSION = YES;
				CLANG_WARN_INT_CONVERSION = YES;
				CLANG_WARN_NON_LITERAL_NULL_CONVERSION = YES;
				CLANG_WARN_OBJC_IMPLICIT_RETAIN_SELF = YES;
				CLANG_WARN_OBJC_LITERAL_CONVERSION = YES;
				CLANG_WARN_OBJC_ROOT_CLASS = YES_ERROR;
				CLANG_WARN_QUOTED_INCLUDE_IN_FRAMEWORK_HEADER = YES;
				CLANG_WARN_RANGE_LOOP_ANALYSIS = YES;
				CLANG_WARN_STRICT_PROTOTYPES = YES;
				CLANG_WARN_SUSPICIOUS_MOVE = YES;
				CLANG_WARN_UNGUARDED_AVAILABILITY = YES_AGGRESSIVE;
				CLANG_WARN_UNREACHABLE_CODE = YES;
				CLANG_WARN__DUPLICATE_METHOD_MATCH = YES;
				COPY_PHASE_STRIP = NO;
				DEBUG_INFORMATION_FORMAT = dwarf;
				ENABLE_STRICT_OBJC_MSGSEND = YES;
				ENABLE_TESTABILITY = YES;
				GCC_C_LANGUAGE_STANDARD = gnu11;
				GCC_DYNAMIC_NO_PIC = NO;
				GCC_NO_COMMON_BLOCKS = YES;
				GCC_OPTIMIZATION_LEVEL = 0;
				GCC_PREPROCESSOR_DEFINITIONS = (
					"DEBUG=1",
					"$(inherited)",
				);
				GCC_WARN_64_TO_32_BIT_CONVERSION = YES;
				GCC_WARN_ABOUT_RETURN_TYPE = YES_ERROR;
				GCC_WARN_UNDECLARED_SELECTOR = YES;
				GCC_WARN_UNINITIALIZED_AUTOS = YES_AGGRESSIVE;
				GCC_WARN_UNUSED_FUNCTION = YES;
				GCC_WARN_UNUSED_VARIABLE = YES;
				IPHONEOS_DEPLOYMENT_TARGET = 16.4;
				MTL_ENABLE_DEBUG_INFO = INCLUDE_SOURCE;
				MTL_FAST_MATH = YES;
				ONLY_ACTIVE_ARCH = YES;
				SDKROOT = iphoneos;
				SWIFT_ACTIVE_COMPILATION_CONDITIONS = DEBUG;
				SWIFT_OPTIMIZATION_LEVEL = "-Onone";
			};
			name = Debug;
		};
		CA4A7A422ACC5CB500D84723 /* Release */ = {
			isa = XCBuildConfiguration;
			buildSettings = {
				ALWAYS_SEARCH_USER_PATHS = NO;
				CLANG_ANALYZER_NONNULL = YES;
				CLANG_ANALYZER_NUMBER_OBJECT_CONVERSION = YES_AGGRESSIVE;
				CLANG_CXX_LANGUAGE_STANDARD = "gnu++20";
				CLANG_ENABLE_MODULES = YES;
				CLANG_ENABLE_OBJC_ARC = YES;
				CLANG_ENABLE_OBJC_WEAK = YES;
				CLANG_WARN_BLOCK_CAPTURE_AUTORELEASING = YES;
				CLANG_WARN_BOOL_CONVERSION = YES;
				CLANG_WARN_COMMA = YES;
				CLANG_WARN_CONSTANT_CONVERSION = YES;
				CLANG_WARN_DEPRECATED_OBJC_IMPLEMENTATIONS = YES;
				CLANG_WARN_DIRECT_OBJC_ISA_USAGE = YES_ERROR;
				CLANG_WARN_DOCUMENTATION_COMMENTS = YES;
				CLANG_WARN_EMPTY_BODY = YES;
				CLANG_WARN_ENUM_CONVERSION = YES;
				CLANG_WARN_INFINITE_RECURSION = YES;
				CLANG_WARN_INT_CONVERSION = YES;
				CLANG_WARN_NON_LITERAL_NULL_CONVERSION = YES;
				CLANG_WARN_OBJC_IMPLICIT_RETAIN_SELF = YES;
				CLANG_WARN_OBJC_LITERAL_CONVERSION = YES;
				CLANG_WARN_OBJC_ROOT_CLASS = YES_ERROR;
				CLANG_WARN_QUOTED_INCLUDE_IN_FRAMEWORK_HEADER = YES;
				CLANG_WARN_RANGE_LOOP_ANALYSIS = YES;
				CLANG_WARN_STRICT_PROTOTYPES = YES;
				CLANG_WARN_SUSPICIOUS_MOVE = YES;
				CLANG_WARN_UNGUARDED_AVAILABILITY = YES_AGGRESSIVE;
				CLANG_WARN_UNREACHABLE_CODE = YES;
				CLANG_WARN__DUPLICATE_METHOD_MATCH = YES;
				COPY_PHASE_STRIP = NO;
				DEBUG_INFORMATION_FORMAT = "dwarf-with-dsym";
				ENABLE_NS_ASSERTIONS = NO;
				ENABLE_STRICT_OBJC_MSGSEND = YES;
				GCC_C_LANGUAGE_STANDARD = gnu11;
				GCC_NO_COMMON_BLOCKS = YES;
				GCC_WARN_64_TO_32_BIT_CONVERSION = YES;
				GCC_WARN_ABOUT_RETURN_TYPE = YES_ERROR;
				GCC_WARN_UNDECLARED_SELECTOR = YES;
				GCC_WARN_UNINITIALIZED_AUTOS = YES_AGGRESSIVE;
				GCC_WARN_UNUSED_FUNCTION = YES;
				GCC_WARN_UNUSED_VARIABLE = YES;
				IPHONEOS_DEPLOYMENT_TARGET = 16.4;
				MTL_ENABLE_DEBUG_INFO = NO;
				MTL_FAST_MATH = YES;
				SDKROOT = iphoneos;
				SWIFT_COMPILATION_MODE = wholemodule;
				SWIFT_OPTIMIZATION_LEVEL = "-O";
				VALIDATE_PRODUCT = YES;
			};
			name = Release;
		};
		CA4A7A442ACC5CB500D84723 /* Debug */ = {
			isa = XCBuildConfiguration;
			buildSettings = {
				ASSETCATALOG_COMPILER_APPICON_NAME = AppIcon;
				ASSETCATALOG_COMPILER_GLOBAL_ACCENT_COLOR_NAME = AccentColor;
				CODE_SIGN_STYLE = Automatic;
				CURRENT_PROJECT_VERSION = 1;
				DEVELOPMENT_ASSET_PATHS = "\"Weekly Payroll Hackwich/Preview Content\"";
				DEVELOPMENT_TEAM = HLCYK9G2MU;
				ENABLE_PREVIEWS = YES;
				GENERATE_INFOPLIST_FILE = YES;
				INFOPLIST_KEY_UIApplicationSceneManifest_Generation = YES;
				INFOPLIST_KEY_UIApplicationSupportsIndirectInputEvents = YES;
				INFOPLIST_KEY_UILaunchScreen_Generation = YES;
				INFOPLIST_KEY_UISupportedInterfaceOrientations_iPad = "UIInterfaceOrientationPortrait UIInterfaceOrientationPortraitUpsideDown UIInterfaceOrientationLandscapeLeft UIInterfaceOrientationLandscapeRight";
				INFOPLIST_KEY_UISupportedInterfaceOrientations_iPhone = "UIInterfaceOrientationPortrait UIInterfaceOrientationLandscapeLeft UIInterfaceOrientationLandscapeRight";
				LD_RUNPATH_SEARCH_PATHS = (
					"$(inherited)",
					"@executable_path/Frameworks",
				);
				MARKETING_VERSION = 1.0;
				PRODUCT_BUNDLE_IDENTIFIER = "Wills-software.Weekly-Payroll-Hackwich";
				PRODUCT_NAME = "$(TARGET_NAME)";
				SWIFT_EMIT_LOC_STRINGS = YES;
				SWIFT_VERSION = 5.0;
				TARGETED_DEVICE_FAMILY = "1,2";
			};
			name = Debug;
		};
		CA4A7A452ACC5CB500D84723 /* Release */ = {
			isa = XCBuildConfiguration;
			buildSettings = {
				ASSETCATALOG_COMPILER_APPICON_NAME = AppIcon;
				ASSETCATALOG_COMPILER_GLOBAL_ACCENT_COLOR_NAME = AccentColor;
				CODE_SIGN_STYLE = Automatic;
				CURRENT_PROJECT_VERSION = 1;
				DEVELOPMENT_ASSET_PATHS = "\"Weekly Payroll Hackwich/Preview Content\"";
				DEVELOPMENT_TEAM = HLCYK9G2MU;
				ENABLE_PREVIEWS = YES;
				GENERATE_INFOPLIST_FILE = YES;
				INFOPLIST_KEY_UIApplicationSceneManifest_Generation = YES;
				INFOPLIST_KEY_UIApplicationSupportsIndirectInputEvents = YES;
				INFOPLIST_KEY_UILaunchScreen_Generation = YES;
				INFOPLIST_KEY_UISupportedInterfaceOrientations_iPad = "UIInterfaceOrientationPortrait UIInterfaceOrientationPortraitUpsideDown UIInterfaceOrientationLandscapeLeft UIInterfaceOrientationLandscapeRight";
				INFOPLIST_KEY_UISupportedInterfaceOrientations_iPhone = "UIInterfaceOrientationPortrait UIInterfaceOrientationLandscapeLeft UIInterfaceOrientationLandscapeRight";
				LD_RUNPATH_SEARCH_PATHS = (
					"$(inherited)",
					"@executable_path/Frameworks",
				);
				MARKETING_VERSION = 1.0;
				PRODUCT_BUNDLE_IDENTIFIER = "Wills-software.Weekly-Payroll-Hackwich";
				PRODUCT_NAME = "$(TARGET_NAME)";
				SWIFT_EMIT_LOC_STRINGS = YES;
				SWIFT_VERSION = 5.0;
				TARGETED_DEVICE_FAMILY = "1,2";
			};
			name = Release;
		};
		CA4A7A472ACC5CB500D84723 /* Debug */ = {
			isa = XCBuildConfiguration;
			buildSettings = {
				ALWAYS_EMBED_SWIFT_STANDARD_LIBRARIES = YES;
				BUNDLE_LOADER = "$(TEST_HOST)";
				CODE_SIGN_STYLE = Automatic;
				CURRENT_PROJECT_VERSION = 1;
				DEVELOPMENT_TEAM = HLCYK9G2MU;
				GENERATE_INFOPLIST_FILE = YES;
				IPHONEOS_DEPLOYMENT_TARGET = 16.4;
				MARKETING_VERSION = 1.0;
				PRODUCT_BUNDLE_IDENTIFIER = "Wills-software.Weekly-Payroll-HackwichTests";
				PRODUCT_NAME = "$(TARGET_NAME)";
				SWIFT_EMIT_LOC_STRINGS = NO;
				SWIFT_VERSION = 5.0;
				TARGETED_DEVICE_FAMILY = "1,2";
				TEST_HOST = "$(BUILT_PRODUCTS_DIR)/Weekly Payroll Hackwich.app/$(BUNDLE_EXECUTABLE_FOLDER_PATH)/Weekly Payroll Hackwich";
			};
			name = Debug;
		};
		CA4A7A482ACC5CB500D84723 /* Release */ = {
			isa = XCBuildConfiguration;
			buildSettings = {
				ALWAYS_EMBED_SWIFT_STANDARD_LIBRARIES = YES;
				BUNDLE_LOADER = "$(TEST_HOST)";
				CODE_SIGN_STYLE = Automatic;
				CURRENT_PROJECT_VERSION = 1;
				DEVELOPMENT_TEAM = HLCYK9G2MU;
				GENERATE_INFOPLIST_FILE = YES;
				IPHONEOS_DEPLOYMENT_TARGET = 16.4;
				MARKETING_VERSION = 1.0;
				PRODUCT_BUNDLE_IDENTIFIER = "Wills-software.Weekly-Payroll-HackwichTests";
				PRODUCT_NAME = "$(TARGET_NAME)";
				SWIFT_EMIT_LOC_STRINGS = NO;
				SWIFT_VERSION = 5.0;
				TARGETED_DEVICE_FAMILY = "1,2";
				TEST_HOST = "$(BUILT_PRODUCTS_DIR)/Weekly Payroll Hackwich.app/$(BUNDLE_EXECUTABLE_FOLDER_PATH)/Weekly Payroll Hackwich";
			};
			name = Release;
		};
		CA4A7A4A2ACC5CB500D84723 /* Debug */ = {
			isa = XCBuildConfiguration;
			buildSettings = {
				ALWAYS_EMBED_SWIFT_STANDARD_LIBRARIES = YES;
				CODE_SIGN_STYLE = Automatic;
				CURRENT_PROJECT_VERSION = 1;
				DEVELOPMENT_TEAM = HLCYK9G2MU;
				GENERATE_INFOPLIST_FILE = YES;
				MARKETING_VERSION = 1.0;
				PRODUCT_BUNDLE_IDENTIFIER = "Wills-software.Weekly-Payroll-HackwichUITests";
				PRODUCT_NAME = "$(TARGET_NAME)";
				SWIFT_EMIT_LOC_STRINGS = NO;
				SWIFT_VERSION = 5.0;
				TARGETED_DEVICE_FAMILY = "1,2";
				TEST_TARGET_NAME = "Weekly Payroll Hackwich";
			};
			name = Debug;
		};
		CA4A7A4B2ACC5CB500D84723 /* Release */ = {
			isa = XCBuildConfiguration;
			buildSettings = {
				ALWAYS_EMBED_SWIFT_STANDARD_LIBRARIES = YES;
				CODE_SIGN_STYLE = Automatic;
				CURRENT_PROJECT_VERSION = 1;
				DEVELOPMENT_TEAM = HLCYK9G2MU;
				GENERATE_INFOPLIST_FILE = YES;
				MARKETING_VERSION = 1.0;
				PRODUCT_BUNDLE_IDENTIFIER = "Wills-software.Weekly-Payroll-HackwichUITests";
				PRODUCT_NAME = "$(TARGET_NAME)";
				SWIFT_EMIT_LOC_STRINGS = NO;
				SWIFT_VERSION = 5.0;
				TARGETED_DEVICE_FAMILY = "1,2";
				TEST_TARGET_NAME = "Weekly Payroll Hackwich";
			};
			name = Release;
		};
/* End XCBuildConfiguration section */

/* Begin XCConfigurationList section */
		CA4A7A1A2ACC5CB400D84723 /* Build configuration list for PBXProject "Weekly Payroll Hackwich" */ = {
			isa = XCConfigurationList;
			buildConfigurations = (
				CA4A7A412ACC5CB500D84723 /* Debug */,
				CA4A7A422ACC5CB500D84723 /* Release */,
			);
			defaultConfigurationIsVisible = 0;
			defaultConfigurationName = Release;
		};
		CA4A7A432ACC5CB500D84723 /* Build configuration list for PBXNativeTarget "Weekly Payroll Hackwich" */ = {
			isa = XCConfigurationList;
			buildConfigurations = (
				CA4A7A442ACC5CB500D84723 /* Debug */,
				CA4A7A452ACC5CB500D84723 /* Release */,
			);
			defaultConfigurationIsVisible = 0;
			defaultConfigurationName = Release;
		};
		CA4A7A462ACC5CB500D84723 /* Build configuration list for PBXNativeTarget "Weekly Payroll HackwichTests" */ = {
			isa = XCConfigurationList;
			buildConfigurations = (
				CA4A7A472ACC5CB500D84723 /* Debug */,
				CA4A7A482ACC5CB500D84723 /* Release */,
			);
			defaultConfigurationIsVisible = 0;
			defaultConfigurationName = Release;
		};
		CA4A7A492ACC5CB500D84723 /* Build configuration list for PBXNativeTarget "Weekly Payroll HackwichUITests" */ = {
			isa = XCConfigurationList;
			buildConfigurations = (
				CA4A7A4A2ACC5CB500D84723 /* Debug */,
				CA4A7A4B2ACC5CB500D84723 /* Release */,
			);
			defaultConfigurationIsVisible = 0;
			defaultConfigurationName = Release;
		};
/* End XCConfigurationList section */
	};
	rootObject = CA4A7A172ACC5CB400D84723 /* Project object */;
}
